version = 1
revision = 3
requires-python = ">=3.14"

[[package]]
name = "anyio"
version = "4.12.1"
source = { registry = "https://pypi.org/simple" }
dependencies = [
    { name = "idna" },
]
sdist = { url = "https://files.pythonhosted.org/packages/96/f0/5eb65b2bb0d09ac6776f2eb54adee6abe8228ea05b20a5ad0e4945de8aac/anyio-4.12.1.tar.gz", hash = "sha256:41cfcc3a4c85d3f05c932da7c26d0201ac36f72abd4435ba90d0464a3ffed703", size = 228685, upload-time = "2026-01-06T11:45:21.246Z" }
wheels = [
    { url = "https://files.pythonhosted.org/packages/38/0e/27be9fdef66e72d64c0cdc3cc2823101b80585f8119b5c112c2e8f5f7dab/anyio-4.12.1-py3-none-any.whl", hash = "sha256:d405828884fc140aa80a3c667b8beed277f1dfedec42ba031bd6ac3db606ab6c", size = 113592, upload-time = "2026-01-06T11:45:19.497Z" },
]

[[package]]
name = "batch"
version = "0.1.0"
source = { virtual = "." }
dependencies = [
    { name = "elasticsearch" },
    { name = "httpx" },
    { name = "python-dotenv" },
    { name = "tqdm" },
]

[package.dev-dependencies]
dev = [
    { name = "pytest" },
    { name = "ruff" },
]

[package.metadata]
requires-dist = [
    { name = "elasticsearch", specifier = ">=9.3.0" },
    { name = "httpx", specifier = ">=0.28.1" },
    { name = "python-dotenv", specifier = ">=1.2.1" },
    { name = "tqdm", specifier = ">=4.67.3" },
]

[package.metadata.requires-dev]
dev = [
    { name = "pytest", specifier = ">=9.0.2" },
    { name = "ruff", specifier = ">=0.15.2" },
]

[[package]]
name = "certifi"
version = "2026.1.4"
source = { registry = "https://pypi.org/simple" }
sdist = { url = "https://files.pythonhosted.org/packages/e0/2d/a891ca51311197f6ad14a7ef42e2399f36cf2f9bd44752b3dc4eab60fdc5/certifi-2026.1.4.tar.gz", hash = "sha256:ac726dd470482006e014ad384921ed6438c457018f4b3d204aea4281258b2120", size = 154268, upload-time = "2026-01-04T02:42:41.825Z" }
wheels = [
    { url = "https://files.pythonhosted.org/packages/e6/ad/3cc14f097111b4de0040c83a525973216457bbeeb63739ef1ed275c1c021/certifi-2026.1.4-py3-none-any.whl", hash = "sha256:9943707519e4add1115f44c2bc244f782c0249876bf51b6599fee1ffbedd685c", size = 152900, upload-time = "2026-01-04T02:42:40.15Z" },
]

[[package]]
name = "colorama"
version = "0.4.6"
source = { registry = "https://pypi.org/simple" }
sdist = { url = "https://files.pythonhosted.org/packages/d8/53/6f443c9a4a8358a93a6792e2acffb9d9d5cb0a5cfd8802644b7b1c9a02e4/colorama-0.4.6.tar.gz", hash = "sha256:08695f5cb7ed6e0531a20572697297273c47b8cae5a63ffc6d6ed5c201be6e44", size = 27697, upload-time = "2022-10-25T02:36:22.414Z" }
wheels = [
    { url = "https://files.pythonhosted.org/packages/d1/d6/3965ed04c63042e047cb6a3e6ed1a63a35087b6a609aa3a15ed8ac56c221/colorama-0.4.6-py2.py3-none-any.whl", hash = "sha256:4f1d9991f5acc0ca119f9d443620b77f9d6b33703e51011c16baf57afb285fc6", size = 25335, upload-time = "2022-10-25T02:36:20.889Z" },
]

[[package]]
name = "elastic-transport"
version = "9.2.1"
source = { registry = "https://pypi.org/simple" }
dependencies = [
    { name = "certifi" },
    { name = "sniffio" },
    { name = "urllib3" },
]
sdist = { url = "https://files.pythonhosted.org/packages/23/0a/a92140b666afdcb9862a16e4d80873b3c887c1b7e3f17e945fc3460edf1b/elastic_transport-9.2.1.tar.gz", hash = "sha256:97d9abd638ba8aa90faa4ca1bf1a18bde0fe2088fbc8757f2eb7b299f205773d", size = 77403, upload-time = "2025-12-23T11:54:12.849Z" }
wheels = [
    { url = "https://files.pythonhosted.org/packages/2c/e6/a42b600ae8b808371f740381f6c32050cad93f870d36cc697b8b7006bf7c/elastic_transport-9.2.1-py3-none-any.whl", hash = "sha256:39e1a25e486af34ce7aa1bc9005d1c736f1b6fb04c9b64ea0604ded5a61fc1d4", size = 65327, upload-time = "2025-12-23T11:54:11.681Z" },
]

[[package]]
name = "elasticsearch"
version = "9.3.0"
source = { registry = "https://pypi.org/simple" }
dependencies = [
    { name = "anyio" },
    { name = "elastic-transport" },
    { name = "python-dateutil" },
    { name = "sniffio" },
    { name = "typing-extensions" },
]
sdist = { url = "https://files.pythonhosted.org/packages/0d/15/283459c9299d412ffa2aaab69b082857631c519233f5491d6c567e3320ca/elasticsearch-9.3.0.tar.gz", hash = "sha256:f76e149c0a22d5ccbba58bdc30c9f51cf894231b359ef4fd7e839b558b59f856", size = 893538, upload-time = "2026-02-03T20:26:38.914Z" }
wheels = [
    { url = "https://files.pythonhosted.org/packages/05/37/3a196f8918743f2104cb66b1f56218079ecac6e128c061de7df7f4faef02/elasticsearch-9.3.0-py3-none-any.whl", hash = "sha256:67bd2bb4f0800f58c2847d29cd57d6e7bf5bc273483b4f17421f93e75ba09f39", size = 979405, upload-time = "2026-02-03T20:26:34.552Z" },
]

[[package]]
name = "h11"
version = "0.16.0"
source = { registry = "https://pypi.org/simple" }
sdist = { url = "https://files.pythonhosted.org/packages/01/ee/02a2c011bdab74c6fb3c75474d40b3052059d95df7e73351460c8588d963/h11-0.16.0.tar.gz", hash = "sha256:4e35b956cf45792e4caa5885e69fba00bdbc6ffafbfa020300e549b208ee5ff1", size = 101250, upload-time = "2025-04-24T03:35:25.427Z" }
wheels = [
    { url = "https://files.pythonhosted.org/packages/04/4b/29cac41a4d98d144bf5f6d33995617b185d14b22401f75ca86f384e87ff1/h11-0.16.0-py3-none-any.whl", hash = "sha256:63cf8bbe7522de3bf65932fda1d9c2772064ffb3dae62d55932da54b31cb6c86", size = 37515, upload-time = "2025-04-24T03:35:24.344Z" },
]

[[package]]
name = "httpcore"
version = "1.0.9"
source = { registry = "https://pypi.org/simple" }
dependencies = [
    { name = "certifi" },
    { name = "h11" },
]
sdist = { url = "https://files.pythonhosted.org/packages/06/94/82699a10bca87a5556c9c59b5963f2d039dbd239f25bc2a63907a05a14cb/httpcore-1.0.9.tar.gz", hash = "sha256:6e34463af53fd2ab5d807f399a9b45ea31c3dfa2276f15a2c3f00afff6e176e8", size = 85484, upload-time = "2025-04-24T22:06:22.219Z" }
wheels = [
    { url = "https://files.pythonhosted.org/packages/7e/f5/f66802a942d491edb555dd61e3a9961140fd64c90bce1eafd741609d334d/httpcore-1.0.9-py3-none-any.whl", hash = "sha256:2d400746a40668fc9dec9810239072b40b4484b640a8c38fd654a024c7a1bf55", size = 78784, upload-time = "2025-04-24T22:06:20.566Z" },
]

[[package]]
name = "httpx"
version = "0.28.1"
source = { registry = "https://pypi.org/simple" }
dependencies = [
    { name = "anyio" },
    { name = "certifi" },
    { name = "httpcore" },
    { name = "idna" },
]
sdist = { url = "https://files.pythonhosted.org/packages/b1/df/48c586a5fe32a0f01324ee087459e112ebb7224f646c0b5023f5e79e9956/httpx-0.28.1.tar.gz", hash = "sha256:75e98c5f16b0f35b567856f597f06ff2270a374470a5c2392242528e3e3e42fc", size = 141406, upload-time = "2024-12-06T15:37:23.222Z" }
wheels = [
    { url = "https://files.pythonhosted.org/packages/2a/39/e50c7c3a983047577ee07d2a9e53faf5a69493943ec3f6a384bdc792deb2/httpx-0.28.1-py3-none-any.whl", hash = "sha256:d909fcccc110f8c7faf814ca82a9a4d816bc5a6dbfea25d6591d6985b8ba59ad", size = 73517, upload-time = "2024-12-06T15:37:21.509Z" },
]

[[package]]
name = "idna"
version = "3.11"
source = { registry = "https://pypi.org/simple" }
sdist = { url = "https://files.pythonhosted.org/packages/6f/6d/0703ccc57f3a7233505399edb88de3cbd678da106337b9fcde432b65ed60/idna-3.11.tar.gz", hash = "sha256:795dafcc9c04ed0c1fb032c2aa73654d8e8c5023a7df64a53f39190ada629902", size = 194582, upload-time = "2025-10-12T14:55:20.501Z" }
wheels = [
    { url = "https://files.pythonhosted.org/packages/0e/61/66938bbb5fc52dbdf84594873d5b51fb1f7c7794e9c0f5bd885f30bc507b/idna-3.11-py3-none-any.whl", hash = "sha256:771a87f49d9defaf64091e6e6fe9c18d4833f140bd19464795bc32d966ca37ea", size = 71008, upload-time = "2025-10-12T14:55:18.883Z" },
]

[[package]]
name = "iniconfig"
version = "2.3.0"
source = { registry = "https://pypi.org/simple" }
sdist = { url = "https://files.pythonhosted.org/packages/72/34/14ca021ce8e5dfedc35312d08ba8bf51fdd999c576889fc2c24cb97f4f10/iniconfig-2.3.0.tar.gz", hash = "sha256:c76315c77db068650d49c5b56314774a7804df16fee4402c1f19d6d15d8c4730", size = 20503, upload-time = "2025-10-18T21:55:43.219Z" }
wheels = [
    { url = "https://files.pythonhosted.org/packages/cb/b1/3846dd7f199d53cb17f49cba7e651e9ce294d8497c8c150530ed11865bb8/iniconfig-2.3.0-py3-none-any.whl", hash = "sha256:f631c04d2c48c52b84d0d0549c99ff3859c98df65b3101406327ecc7d53fbf12", size = 7484, upload-time = "2025-10-18T21:55:41.639Z" },
]

[[package]]
name = "packaging"
version = "26.0"
source = { registry = "https://pypi.org/simple" }
sdist = { url = "https://files.pythonhosted.org/packages/65/ee/299d360cdc32edc7d2cf530f3accf79c4fca01e96ffc950d8a52213bd8e4/packaging-26.0.tar.gz", hash = "sha256:00243ae351a257117b6a241061796684b084ed1c516a08c48a3f7e147a9d80b4", size = 143416, upload-time = "2026-01-21T20:50:39.064Z" }
wheels = [
    { url = "https://files.pythonhosted.org/packages/b7/b9/c538f279a4e237a006a2c98387d081e9eb060d203d8ed34467cc0f0b9b53/packaging-26.0-py3-none-any.whl", hash = "sha256:b36f1fef9334a5588b4166f8bcd26a14e521f2b55e6b9de3aaa80d3ff7a37529", size = 74366, upload-time = "2026-01-21T20:50:37.788Z" },
]

[[package]]
name = "pluggy"
version = "1.6.0"
source = { registry = "https://pypi.org/simple" }
sdist = { url = "https://files.pythonhosted.org/packages/f9/e2/3e91f31a7d2b083fe6ef3fa267035b518369d9511ffab804f839851d2779/pluggy-1.6.0.tar.gz", hash = "sha256:7dcc130b76258d33b90f61b658791dede3486c3e6bfb003ee5c9bfb396dd22f3", size = 69412, upload-time = "2025-05-15T12:30:07.975Z" }
wheels = [
    { url = "https://files.pythonhosted.org/packages/54/20/4d324d65cc6d9205fabedc306948156824eb9f0ee1633355a8f7ec5c66bf/pluggy-1.6.0-py3-none-any.whl", hash = "sha256:e920276dd6813095e9377c0bc5566d94c932c33b27a3e3945d8389c374dd4746", size = 20538, upload-time = "2025-05-15T12:30:06.134Z" },
]

[[package]]
name = "pygments"
version = "2.19.2"
source = { registry = "https://pypi.org/simple" }
sdist = { url = "https://files.pythonhosted.org/packages/b0/77/a5b8c569bf593b0140bde72ea885a803b82086995367bf2037de0159d924/pygments-2.19.2.tar.gz", hash = "sha256:636cb2477cec7f8952536970bc533bc43743542f70392ae026374600add5b887", size = 4968631, upload-time = "2025-06-21T13:39:12.283Z" }
wheels = [
    { url = "https://files.pythonhosted.org/packages/c7/21/705964c7812476f378728bdf590ca4b771ec72385c533964653c68e86bdc/pygments-2.19.2-py3-none-any.whl", hash = "sha256:86540386c03d588bb81d44bc3928634ff26449851e99741617ecb9037ee5ec0b", size = 1225217, upload-time = "2025-06-21T13:39:07.939Z" },
]

[[package]]
name = "pytest"
version = "9.0.2"
source = { registry = "https://pypi.org/simple" }
dependencies = [
    { name = "colorama", marker = "sys_platform == 'win32'" },
    { name = "iniconfig" },
    { name = "packaging" },
    { name = "pluggy" },
    { name = "pygments" },
]
sdist = { url = "https://files.pythonhosted.org/packages/d1/db/7ef3487e0fb0049ddb5ce41d3a49c235bf9ad299b6a25d5780a89f19230f/pytest-9.0.2.tar.gz", hash = "sha256:75186651a92bd89611d1d9fc20f0b4345fd827c41ccd5c299a868a05d70edf11", size = 1568901, upload-time = "2025-12-06T21:30:51.014Z" }
wheels = [
    { url = "https://files.pythonhosted.org/packages/3b/ab/b3226f0bd7cdcf710fbede2b3548584366da3b19b5021e74f5bde2a8fa3f/pytest-9.0.2-py3-none-any.whl", hash = "sha256:711ffd45bf766d5264d487b917733b453d917afd2b0ad65223959f59089f875b", size = 374801, upload-time = "2025-12-06T21:30:49.154Z" },
]

[[package]]
name = "python-dateutil"
version = "2.9.0.post0"
source = { registry = "https://pypi.org/simple" }
dependencies = [
    { name = "six" },
]
sdist = { url = "https://files.pythonhosted.org/packages/66/c0/0c8b6ad9f17a802ee498c46e004a0eb49bc148f2fd230864601a86dcf6db/python-dateutil-2.9.0.post0.tar.gz", hash = "sha256:37dd54208da7e1cd875388217d5e00ebd4179249f90fb72437e91a35459a0ad3", size = 342432, upload-time = "2024-03-01T18:36:20.211Z" }
wheels = [
    { url = "https://files.pythonhosted.org/packages/ec/57/56b9bcc3c9c6a792fcbaf139543cee77261f3651ca9da0c93f5c1221264b/python_dateutil-2.9.0.post0-py2.py3-none-any.whl", hash = "sha256:a8b2bc7bffae282281c8140a97d3aa9c14da0b136dfe83f850eea9a5f7470427", size = 229892, upload-time = "2024-03-01T18:36:18.57Z" },
]

[[package]]
name = "python-dotenv"
version = "1.2.1"
source = { registry = "https://pypi.org/simple" }
sdist = { url = "https://files.pythonhosted.org/packages/f0/26/19cadc79a718c5edbec86fd4919a6b6d3f681039a2f6d66d14be94e75fb9/python_dotenv-1.2.1.tar.gz", hash = "sha256:42667e897e16ab0d66954af0e60a9caa94f0fd4ecf3aaf6d2d260eec1aa36ad6", size = 44221, upload-time = "2025-10-26T15:12:10.434Z" }
wheels = [
    { url = "https://files.pythonhosted.org/packages/14/1b/a298b06749107c305e1fe0f814c6c74aea7b2f1e10989cb30f544a1b3253/python_dotenv-1.2.1-py3-none-any.whl", hash = "sha256:b81ee9561e9ca4004139c6cbba3a238c32b03e4894671e181b671e8cb8425d61", size = 21230, upload-time = "2025-10-26T15:12:09.109Z" },
]

[[package]]
name = "ruff"
version = "0.15.2"
source = { registry = "https://pypi.org/simple" }
sdist = { url = "https://files.pythonhosted.org/packages/06/04/eab13a954e763b0606f460443fcbf6bb5a0faf06890ea3754ff16523dce5/ruff-0.15.2.tar.gz", hash = "sha256:14b965afee0969e68bb871eba625343b8673375f457af4abe98553e8bbb98342", size = 4558148, upload-time = "2026-02-19T22:32:20.271Z" }
wheels = [
    { url = "https://files.pythonhosted.org/packages/2f/70/3a4dc6d09b13cb3e695f28307e5d889b2e1a66b7af9c5e257e796695b0e6/ruff-0.15.2-py3-none-linux_armv6l.whl", hash = "sha256:120691a6fdae2f16d65435648160f5b81a9625288f75544dc40637436b5d3c0d", size = 10430565, upload-time = "2026-02-19T22:32:41.824Z" },
    { url = "https://files.pythonhosted.org/packages/71/0b/bb8457b56185ece1305c666dc895832946d24055be90692381c31d57466d/ruff-0.15.2-py3-none-macosx_10_12_x86_64.whl", hash = "sha256:a89056d831256099658b6bba4037ac6dd06f49d194199215befe2bb10457ea5e", size = 10820354, upload-time = "2026-02-19T22:32:07.366Z" },
    { url = "https://files.pythonhosted.org/packages/2d/c1/e0532d7f9c9e0b14c46f61b14afd563298b8b83f337b6789ddd987e46121/ruff-0.15.2-py3-none-macosx_11_0_arm64.whl", hash = "sha256:e36dee3a64be0ebd23c86ffa3aa3fd3ac9a712ff295e192243f814a830b6bd87", size = 10170767, upload-time = "2026-02-19T22:32:13.188Z" },
    { url = "https://files.pythonhosted.org/packages/47/e8/da1aa341d3af017a21c7a62fb5ec31d4e7ad0a93ab80e3a508316efbcb23/ruff-0.15.2-py3-none-manylinux_2_17_aarch64.manylinux2014_aarch64.whl", hash = "sha256:a9fb47b6d9764677f8c0a193c0943ce9a05d6763523f132325af8a858eadc2b9", size = 10529591, upload-time = "2026-02-19T22:32:02.547Z" },
    { url = "https://files.pythonhosted.org/packages/93/74/184fbf38e9f3510231fbc5e437e808f0b48c42d1df9434b208821efcd8d6/ruff-0.15.2-py3-none-manylinux_2_17_armv7l.manylinux2014_armv7l.whl", hash = "sha256:f376990f9d0d6442ea9014b19621d8f2aaf2b8e39fdbfc79220b7f0c596c9b80", size = 10260771, upload-time = "2026-02-19T22:32:36.938Z" },
    { url = "https://files.pythonhosted.org/packages/05/ac/605c20b8e059a0bc4b42360414baa4892ff278cec1c91fff4be0dceedefd/ruff-0.15.2-py3-none-manylinux_2_17_i686.manylinux2014_i686.whl", hash = "sha256:2dcc987551952d73cbf5c88d9fdee815618d497e4df86cd4c4824cc59d5dd75f", size = 11045791, upload-time = "2026-02-19T22:32:31.642Z" },
    { url = "https://files.pythonhosted.org/packages/fd/52/db6e419908f45a894924d410ac77d64bdd98ff86901d833364251bd08e22/ruff-0.15.2-py3-none-manylinux_2_17_ppc64le.manylinux2014_ppc64le.whl", hash = "sha256:42a47fd785cbe8c01b9ff45031af875d101b040ad8f4de7bbb716487c74c9a77", size = 11879271, upload-time = "2026-02-19T22:32:29.305Z" },
    { url = "https://files.pythonhosted.org/packages/3e/d8/7992b18f2008bdc9231d0f10b16df7dda964dbf639e2b8b4c1b4e91b83af/ruff-0.15.2-py3-none-manylinux_2_17_s390x.manylinux2014_s390x.whl", hash = "sha256:cbe9f49354866e575b4c6943856989f966421870e85cd2ac94dccb0a9dcb2fea", size = 11303707, upload-time = "2026-02-19T22:32:22.492Z" },
    { url = "https://files.pythonhosted.org/packages/d7/02/849b46184bcfdd4b64cde61752cc9a146c54759ed036edd11857e9b8443b/ruff-0.15.2-py3-none-manylinux_2_17_x86_64.manylinux2014_x86_64.whl", hash = "sha256:b7a672c82b5f9887576087d97be5ce439f04bbaf548ee987b92d3a7dede41d3a", size = 11149151, upload-time = "2026-02-19T22:32:44.234Z" },
    { url = "https://files.pythonhosted.org/packages/70/04/f5284e388bab60d1d3b99614a5a9aeb03e0f333847e2429bebd2aaa1feec/ruff-0.15.2-py3-none-manylinux_2_31_riscv64.whl", hash = "sha256:72ecc64f46f7019e2bcc3cdc05d4a7da958b629a5ab7033195e11a438403d956", size = 11091132, upload-time = "2026-02-19T22:32:24.691Z" },
    { url = "https://files.pythonhosted.org/packages/fa/ae/88d844a21110e14d92cf73d57363fab59b727ebeabe78009b9ccb23500af/ruff-0.15.2-py3-none-musllinux_1_2_aarch64.whl", hash = "sha256:8dcf243b15b561c655c1ef2f2b0050e5d50db37fe90115507f6ff37d865dc8b4", size = 10504717, upload-time = "2026-02-19T22:32:26.75Z" },
    { url = "https://files.pythonhosted.org/packages/64/27/867076a6ada7f2b9c8292884ab44d08fd2ba71bd2b5364d4136f3cd537e1/ruff-0.15.2-py3-none-musllinux_1_2_armv7l.whl", hash = "sha256:dab6941c862c05739774677c6273166d2510d254dac0695c0e3f5efa1b5585de", size = 10263122, upload-time = "2026-02-19T22:32:10.036Z" },
    { url = "https://files.pythonhosted.org/packages/e7/ef/faf9321d550f8ebf0c6373696e70d1758e20ccdc3951ad7af00c0956be7c/ruff-0.15.2-py3-none-musllinux_1_2_i686.whl", hash = "sha256:1b9164f57fc36058e9a6806eb92af185b0697c9fe4c7c52caa431c6554521e5c", size = 10735295, upload-time = "2026-02-19T22:32:39.227Z" },
    { url = "https://files.pythonhosted.org/packages/2f/55/e8089fec62e050ba84d71b70e7834b97709ca9b7aba10c1a0b196e493f97/ruff-0.15.2-py3-none-musllinux_1_2_x86_64.whl", hash = "sha256:80d24fcae24d42659db7e335b9e1531697a7102c19185b8dc4a028b952865fd8", size = 11241641, upload-time = "2026-02-19T22:32:34.617Z" },
    { url = "https://files.pythonhosted.org/packages/23/01/1c30526460f4d23222d0fabd5888868262fd0e2b71a00570ca26483cd993/ruff-0.15.2-py3-none-win32.whl", hash = "sha256:fd5ff9e5f519a7e1bd99cbe8daa324010a74f5e2ebc97c6242c08f26f3714f6f", size = 10507885, upload-time = "2026-02-19T22:32:15.635Z" },
    { url = "https://files.pythonhosted.org/packages/5c/10/3d18e3bbdf8fc50bbb4ac3cc45970aa5a9753c5cb51bf9ed9a3cd8b79fa3/ruff-0.15.2-py3-none-win_amd64.whl", hash = "sha256:d20014e3dfa400f3ff84830dfb5755ece2de45ab62ecea4af6b7262d0fb4f7c5", size = 11623725, upload-time = "2026-02-19T22:32:04.947Z" },
    { url = "https://files.pythonhosted.org/packages/6d/78/097c0798b1dab9f8affe73da9642bb4500e098cb27fd8dc9724816ac747b/ruff-0.15.2-py3-none-win_arm64.whl", hash = "sha256:cabddc5822acdc8f7b5527b36ceac55cc51eec7b1946e60181de8fe83ca8876e", size = 10941649, upload-time = "2026-02-19T22:32:18.108Z" },
]

[[package]]
name = "six"
version = "1.17.0"
source = { registry = "https://pypi.org/simple" }
sdist = { url = "https://files.pythonhosted.org/packages/94/e7/b2c673351809dca68a0e064b6af791aa332cf192da575fd474ed7d6f16a2/six-1.17.0.tar.gz", hash = "sha256:ff70335d468e7eb6ec65b95b99d3a2836546063f63acc5171de367e834932a81", size = 34031, upload-time = "2024-12-04T17:35:28.174Z" }
wheels = [
    { url = "https://files.pythonhosted.org/packages/b7/ce/149a00dd41f10bc29e5921b496af8b574d8413afcd5e30dfa0ed46c2cc5e/six-1.17.0-py2.py3-none-any.whl", hash = "sha256:4721f391ed90541fddacab5acf947aa0d3dc7d27b2e1e8eda2be8970586c3274", size = 11050, upload-time = "2024-12-04T17:35:26.475Z" },
]

[[package]]
name = "sniffio"
version = "1.3.1"
source = { registry = "https://pypi.org/simple" }
sdist = { url = "https://files.pythonhosted.org/packages/a2/87/a6771e1546d97e7e041b6ae58d80074f81b7d5121207425c964ddf5cfdbd/sniffio-1.3.1.tar.gz", hash = "sha256:f4324edc670a0f49750a81b895f35c3adb843cca46f0530f79fc1babb23789dc", size = 20372, upload-time = "2024-02-25T23:20:04.057Z" }
wheels = [
    { url = "https://files.pythonhosted.org/packages/e9/44/75a9c9421471a6c4805dbf2356f7c181a29c1879239abab1ea2cc8f38b40/sniffio-1.3.1-py3-none-any.whl", hash = "sha256:2f6da418d1f1e0fddd844478f41680e794e6051915791a034ff65e5f100525a2", size = 10235, upload-time = "2024-02-25T23:20:01.196Z" },
]

[[package]]
name = "tqdm"
version = "4.67.3"
source = { registry = "https://pypi.org/simple" }
dependencies = [
    { name = "colorama", marker = "sys_platform == 'win32'" },
]
sdist = { url = "https://files.pythonhosted.org/packages/09/a9/6ba95a270c6f1fbcd8dac228323f2777d886cb206987444e4bce66338dd4/tqdm-4.67.3.tar.gz", hash = "sha256:7d825f03f89244ef73f1d4ce193cb1774a8179fd96f31d7e1dcde62092b960bb", size = 169598, upload-time = "2026-02-03T17:35:53.048Z" }
wheels = [
    { url = "https://files.pythonhosted.org/packages/16/e1/3079a9ff9b8e11b846c6ac5c8b5bfb7ff225eee721825310c91b3b50304f/tqdm-4.67.3-py3-none-any.whl", hash = "sha256:ee1e4c0e59148062281c49d80b25b67771a127c85fc9676d3be5f243206826bf", size = 78374, upload-time = "2026-02-03T17:35:50.982Z" },
]

[[package]]
name = "typing-extensions"
version = "4.15.0"
source = { registry = "https://pypi.org/simple" }
sdist = { url = "https://files.pythonhosted.org/packages/72/94/1a15dd82efb362ac84269196e94cf00f187f7ed21c242792a923cdb1c61f/typing_extensions-4.15.0.tar.gz", hash = "sha256:0cea48d173cc12fa28ecabc3b837ea3cf6f38c6d1136f85cbaaf598984861466", size = 109391, upload-time = "2025-08-25T13:49:26.313Z" }
wheels = [
    { url = "https://files.pythonhosted.org/packages/18/67/36e9267722cc04a6b9f15c7f3441c2363321a3ea07da7ae0c0707beb2a9c/typing_extensions-4.15.0-py3-none-any.whl", hash = "sha256:f0fa19c6845758ab08074a0cfa8b7aecb71c999ca73d62883bc25cc018c4e548", size = 44614, upload-time = "2025-08-25T13:49:24.86Z" },
]

[[package]]
name = "urllib3"
version = "2.6.3"
source = { registry = "https://pypi.org/simple" }
sdist = { url = "https://files.pythonhosted.org/packages/c7/24/5f1b3bdffd70275f6661c76461e25f024d5a38a46f04aaca912426a2b1d3/urllib3-2.6.3.tar.gz", hash = "sha256:1b62b6884944a57dbe321509ab94fd4d3b307075e0c2eae991ac71ee15ad38ed", size = 435556, upload-time = "2026-01-07T16:24:43.925Z" }
wheels = [
    { url = "https://files.pythonhosted.org/packages/39/08/aaaad47bc4e9dc8c725e68f9d04865dbcb2052843ff09c97b08904852d84/urllib3-2.6.3-py3-none-any.whl", hash = "sha256:bf272323e553dfb2e87d9bfd225ca7b0f467b919d7bbd355436d3fd37cb0acd4", size = 131584, upload-time = "2026-01-07T16:24:42.685Z" },
]
